{
  "name": "anki-japanese-conjugations",
  "version": "1.0.0",
  "lockfileVersion": 3,
  "requires": true,
  "packages": {
    "": {
      "name": "anki-japanese-conjugations",
      "version": "1.0.0",
      "license": "ISC",
      "dependencies": {
        "@inquirer/prompts": "^5.0.5",
        "@sglkc/kuroshiro": "^1.0.1",
        "@sglkc/kuroshiro-analyzer-kuromoji": "^1.0.1",
        "godan-ichidan": "^1.0.0-2023-04-03",
        "jv-conjugator": "^2.2.2",
        "yanki-connect": "^1.0.5"
      }
    },
    "node_modules/@babel/runtime": {
      "version": "7.24.7",
      "resolved": "https://registry.npmjs.org/@babel/runtime/-/runtime-7.24.7.tgz",
      "integrity": "sha512-UwgBRMjJP+xv857DCngvqXI3Iq6J4v0wXmwc6sapg+zyhbwmQX67LUEFrkK5tbyJ30jGuG3ZvWpBiB9LCy1kWw==",
      "dependencies": {
        "regenerator-runtime": "^0.14.0"
      },
      "engines": {
        "node": ">=6.9.0"
      }
    },
    "node_modules/@inquirer/checkbox": {
      "version": "2.3.5",
      "resolved": "https://registry.npmjs.org/@inquirer/checkbox/-/checkbox-2.3.5.tgz",
      "integrity": "sha512-3V0OSykTkE/38GG1DhxRGLBmqefgzRg2EK5A375zz+XEvIWfAHcac31e+zlBDPypRHxhmXc/Oh6v9eOPbH3nAg==",
      "dependencies": {
        "@inquirer/core": "^8.2.2",
        "@inquirer/figures": "^1.0.3",
        "@inquirer/type": "^1.3.3",
        "ansi-escapes": "^4.3.2",
        "chalk": "^4.1.2"
      },
      "engines": {
        "node": ">=18"
      }
    },
    "node_modules/@inquirer/confirm": {
      "version": "3.1.9",
      "resolved": "https://registry.npmjs.org/@inquirer/confirm/-/confirm-3.1.9.tgz",
      "integrity": "sha512-UF09aejxCi4Xqm6N/jJAiFXArXfi9al52AFaSD+2uIHnhZGtd1d6lIGTRMPouVSJxbGEi+HkOWSYaiEY/+szUw==",
      "dependencies": {
        "@inquirer/core": "^8.2.2",
        "@inquirer/type": "^1.3.3"
      },
      "engines": {
        "node": ">=18"
      }
    },
    "node_modules/@inquirer/core": {
      "version": "8.2.2",
      "resolved": "https://registry.npmjs.org/@inquirer/core/-/core-8.2.2.tgz",
      "integrity": "sha512-K8SuNX45jEFlX3EBJpu9B+S2TISzMPGXZIuJ9ME924SqbdW6Pt6fIkKvXg7mOEOKJ4WxpQsxj0UTfcL/A434Ww==",
      "dependencies": {
        "@inquirer/figures": "^1.0.3",
        "@inquirer/type": "^1.3.3",
        "@types/mute-stream": "^0.0.4",
        "@types/node": "^20.12.13",
        "@types/wrap-ansi": "^3.0.0",
        "ansi-escapes": "^4.3.2",
        "chalk": "^4.1.2",
        "cli-spinners": "^2.9.2",
        "cli-width": "^4.1.0",
        "mute-stream": "^1.0.0",
        "signal-exit": "^4.1.0",
        "strip-ansi": "^6.0.1",
        "wrap-ansi": "^6.2.0"
      },
      "engines": {
        "node": ">=18"
      }
    },
    "node_modules/@inquirer/editor": {
      "version": "2.1.9",
      "resolved": "https://registry.npmjs.org/@inquirer/editor/-/editor-2.1.9.tgz",
      "integrity": "sha512-5xCD7CoCh993YqXcsZPt45qkE3gl+03Yfv9vmAkptRi4nrzaUDmyhgBzndKdRG8SrKbQLBmOtztnRLGxvG/ahg==",
      "dependencies": {
        "@inquirer/core": "^8.2.2",
        "@inquirer/type": "^1.3.3",
        "external-editor": "^3.1.0"
      },
      "engines": {
        "node": ">=18"
      }
    },
    "node_modules/@inquirer/expand": {
      "version": "2.1.9",
      "resolved": "https://registry.npmjs.org/@inquirer/expand/-/expand-2.1.9.tgz",
      "integrity": "sha512-ymnR8qu2ie/3JpOeyZ3QSGJ+ai8qqtjBwopxLjzIZm7mZVKT6SV1sURzijkOLRgGUHwPemOfYX5biqXuqhpoBg==",
      "dependencies": {
        "@inquirer/core": "^8.2.2",
        "@inquirer/type": "^1.3.3",
        "chalk": "^4.1.2"
      },
      "engines": {
        "node": ">=18"
      }
    },
    "node_modules/@inquirer/figures": {
      "version": "1.0.3",
      "resolved": "https://registry.npmjs.org/@inquirer/figures/-/figures-1.0.3.tgz",
      "integrity": "sha512-ErXXzENMH5pJt5/ssXV0DfWUZqly8nGzf0UcBV9xTnP+KyffE2mqyxIMBrZ8ijQck2nU0TQm40EQB53YreyWHw==",
      "engines": {
        "node": ">=18"
      }
    },
    "node_modules/@inquirer/input": {
      "version": "2.1.9",
      "resolved": "https://registry.npmjs.org/@inquirer/input/-/input-2.1.9.tgz",
      "integrity": "sha512-1xTCHmIe48x9CG1+8glAHrVVdH+QfYhzgBUbgyoVpp5NovnXgRcjSn/SNulepxf9Ol8HDq3gzw3ZCAUr+h1Eyg==",
      "dependencies": {
        "@inquirer/core": "^8.2.2",
        "@inquirer/type": "^1.3.3"
      },
      "engines": {
        "node": ">=18"
      }
    },
    "node_modules/@inquirer/password": {
      "version": "2.1.9",
      "resolved": "https://registry.npmjs.org/@inquirer/password/-/password-2.1.9.tgz",
      "integrity": "sha512-QPtVcT12Fkn0TyuZJelR7QOtc5l1d/6pB5EfkHOivTzC6QTFxRCHl+Gx7Q3E2U/kgJeCCmDov6itDFggk9nkgA==",
      "dependencies": {
        "@inquirer/core": "^8.2.2",
        "@inquirer/type": "^1.3.3",
        "ansi-escapes": "^4.3.2"
      },
      "engines": {
        "node": ">=18"
      }
    },
    "node_modules/@inquirer/prompts": {
      "version": "5.0.5",
      "resolved": "https://registry.npmjs.org/@inquirer/prompts/-/prompts-5.0.5.tgz",
      "integrity": "sha512-LV2XZzc8ls4zhUzYNSpsXcnA8djOptY4G01lFzp3Bey6E1oiZMzIU25N9cb5AOwNz6pqDXpjLwRFQmLQ8h6PaQ==",
      "dependencies": {
        "@inquirer/checkbox": "^2.3.5",
        "@inquirer/confirm": "^3.1.9",
        "@inquirer/editor": "^2.1.9",
        "@inquirer/expand": "^2.1.9",
        "@inquirer/input": "^2.1.9",
        "@inquirer/password": "^2.1.9",
        "@inquirer/rawlist": "^2.1.9",
        "@inquirer/select": "^2.3.5"
      },
      "engines": {
        "node": ">=18"
      }
    },
    "node_modules/@inquirer/rawlist": {
      "version": "2.1.9",
      "resolved": "https://registry.npmjs.org/@inquirer/rawlist/-/rawlist-2.1.9.tgz",
      "integrity": "sha512-GuMmfa/v1ZJqEWSkUx1hMxzs5/0DCUP0S8IicV/wu8QrbjfBOh+7mIQgtsvh8IJ3sRkRcQ+9wh9CE9jiYqyMgw==",
      "dependencies": {
        "@inquirer/core": "^8.2.2",
        "@inquirer/type": "^1.3.3",
        "chalk": "^4.1.2"
      },
      "engines": {
        "node": ">=18"
      }
    },
    "node_modules/@inquirer/select": {
      "version": "2.3.5",
      "resolved": "https://registry.npmjs.org/@inquirer/select/-/select-2.3.5.tgz",
      "integrity": "sha512-IyBj8oEtmdF2Gx4FJTPtEya37MD6s0KATKsHqgmls0lK7EQbhYSq9GQlcFq6cBsYe/cgQ0Fg2cCqYYPi/d/fxQ==",
      "dependencies": {
        "@inquirer/core": "^8.2.2",
        "@inquirer/figures": "^1.0.3",
        "@inquirer/type": "^1.3.3",
        "ansi-escapes": "^4.3.2",
        "chalk": "^4.1.2"
      },
      "engines": {
        "node": ">=18"
      }
    },
    "node_modules/@inquirer/type": {
      "version": "1.3.3",
      "resolved": "https://registry.npmjs.org/@inquirer/type/-/type-1.3.3.tgz",
      "integrity": "sha512-xTUt0NulylX27/zMx04ZYar/kr1raaiFTVvQ5feljQsiAgdm0WPj4S73/ye0fbslh+15QrIuDvfCXTek7pMY5A==",
      "engines": {
        "node": ">=18"
      }
    },
    "node_modules/@sglkc/kuromoji": {
      "version": "1.1.0",
      "resolved": "https://registry.npmjs.org/@sglkc/kuromoji/-/kuromoji-1.1.0.tgz",
      "integrity": "sha512-uKxXYUM5XNjZw0ia0yMYTI3jHSh/c1gEMNvcvS6J49B4mI+PAq8iRYPTxh2ma0RWm45LyWWrILxCJAIXpi/pww==",
      "dependencies": {
        "async": "^2.0.1",
        "doublearray": "0.0.2",
        "fflate": "^0.8.0"
      }
    },
    "node_modules/@sglkc/kuroshiro": {
      "version": "1.0.1",
      "resolved": "https://registry.npmjs.org/@sglkc/kuroshiro/-/kuroshiro-1.0.1.tgz",
      "integrity": "sha512-pDjzQa+KHcoKas5i0nf2uxNh0cFZlgsKzvj5AHMkAF7cvKTayN+Rllb/X+S3Gz8MpMk6pV95Uyu90+iyq3w+/A==",
      "dependencies": {
        "@babel/runtime": "^7.14.0"
      },
      "engines": {
        "node": ">=6.5.0"
      }
    },
    "node_modules/@sglkc/kuroshiro-analyzer-kuromoji": {
      "version": "1.0.1",
      "resolved": "https://registry.npmjs.org/@sglkc/kuroshiro-analyzer-kuromoji/-/kuroshiro-analyzer-kuromoji-1.0.1.tgz",
      "integrity": "sha512-qWEhhmru2T6YKhOx1g6BNxxm8K0GIKyd5NY6ynrGH/lLwxNvfv2osh2PAeoSJhjloVrLe7wn/NEp/5+IoRN88A==",
      "dependencies": {
        "@sglkc/kuromoji": "^1.0.1"
      }
    },
    "node_modules/@types/mute-stream": {
      "version": "0.0.4",
      "resolved": "https://registry.npmjs.org/@types/mute-stream/-/mute-stream-0.0.4.tgz",
      "integrity": "sha512-CPM9nzrCPPJHQNA9keH9CVkVI+WR5kMa+7XEs5jcGQ0VoAGnLv242w8lIVgwAEfmE4oufJRaTc9PNLQl0ioAow==",
      "dependencies": {
        "@types/node": "*"
      }
    },
    "node_modules/@types/node": {
      "version": "20.14.2",
      "resolved": "https://registry.npmjs.org/@types/node/-/node-20.14.2.tgz",
      "integrity": "sha512-xyu6WAMVwv6AKFLB+e/7ySZVr/0zLCzOa7rSpq6jNwpqOrUbcACDWC+53d4n2QHOnDou0fbIsg8wZu/sxrnI4Q==",
      "dependencies": {
        "undici-types": "~5.26.4"
      }
    },
    "node_modules/@types/wrap-ansi": {
      "version": "3.0.0",
      "resolved": "https://registry.npmjs.org/@types/wrap-ansi/-/wrap-ansi-3.0.0.tgz",
      "integrity": "sha512-ltIpx+kM7g/MLRZfkbL7EsCEjfzCcScLpkg37eXEtx5kmrAKBkTJwd1GIAjDSL8wTpM6Hzn5YO4pSb91BEwu1g=="
    },
    "node_modules/ansi-escapes": {
      "version": "4.3.2",
      "resolved": "https://registry.npmjs.org/ansi-escapes/-/ansi-escapes-4.3.2.tgz",
      "integrity": "sha512-gKXj5ALrKWQLsYG9jlTRmR/xKluxHV+Z9QEwNIgCfM1/uwPMCuzVVnh5mwTd+OuBZcwSIMbqssNWRm1lE51QaQ==",
      "dependencies": {
        "type-fest": "^0.21.3"
      },
      "engines": {
        "node": ">=8"
      },
      "funding": {
        "url": "https://github.com/sponsors/sindresorhus"
      }
    },
    "node_modules/ansi-regex": {
      "version": "5.0.1",
      "resolved": "https://registry.npmjs.org/ansi-regex/-/ansi-regex-5.0.1.tgz",
      "integrity": "sha512-quJQXlTSUGL2LH9SUXo8VwsY4soanhgo6LNSm84E1LBcE8s3O0wpdiRzyR9z/ZZJMlMWv37qOOb9pdJlMUEKFQ==",
      "engines": {
        "node": ">=8"
      }
    },
    "node_modules/ansi-styles": {
      "version": "4.3.0",
      "resolved": "https://registry.npmjs.org/ansi-styles/-/ansi-styles-4.3.0.tgz",
      "integrity": "sha512-zbB9rCJAT1rbjiVDb2hqKFHNYLxgtk8NURxZ3IZwD3F6NtxbXZQCnnSi1Lkx+IDohdPlFp222wVALIheZJQSEg==",
      "dependencies": {
        "color-convert": "^2.0.1"
      },
      "engines": {
        "node": ">=8"
      },
      "funding": {
        "url": "https://github.com/chalk/ansi-styles?sponsor=1"
      }
    },
    "node_modules/async": {
      "version": "2.6.4",
      "resolved": "https://registry.npmjs.org/async/-/async-2.6.4.tgz",
      "integrity": "sha512-mzo5dfJYwAn29PeiJ0zvwTo04zj8HDJj0Mn8TD7sno7q12prdbnasKJHhkm2c1LgrhlJ0teaea8860oxi51mGA==",
      "dependencies": {
        "lodash": "^4.17.14"
      }
    },
    "node_modules/bundle-name": {
      "version": "4.1.0",
      "resolved": "https://registry.npmjs.org/bundle-name/-/bundle-name-4.1.0.tgz",
      "integrity": "sha512-tjwM5exMg6BGRI+kNmTntNsvdZS1X8BFYS6tnJ2hdH0kVxM6/eVZ2xy+FqStSWvYmtfFMDLIxurorHwDKfDz5Q==",
      "dependencies": {
        "run-applescript": "^7.0.0"
      },
      "engines": {
        "node": ">=18"
      },
      "funding": {
        "url": "https://github.com/sponsors/sindresorhus"
      }
    },
    "node_modules/chalk": {
      "version": "4.1.2",
      "resolved": "https://registry.npmjs.org/chalk/-/chalk-4.1.2.tgz",
      "integrity": "sha512-oKnbhFyRIXpUuez8iBMmyEa4nbj4IOQyuhc/wy9kY7/WVPcwIO9VA668Pu8RkO7+0G76SLROeyw9CpQ061i4mA==",
      "dependencies": {
        "ansi-styles": "^4.1.0",
        "supports-color": "^7.1.0"
      },
      "engines": {
        "node": ">=10"
      },
      "funding": {
        "url": "https://github.com/chalk/chalk?sponsor=1"
      }
    },
    "node_modules/chardet": {
      "version": "0.7.0",
      "resolved": "https://registry.npmjs.org/chardet/-/chardet-0.7.0.tgz",
      "integrity": "sha512-mT8iDcrh03qDGRRmoA2hmBJnxpllMR+0/0qlzjqZES6NdiWDcZkCNAk4rPFZ9Q85r27unkiNNg8ZOiwZXBHwcA=="
    },
    "node_modules/cli-spinners": {
      "version": "2.9.2",
      "resolved": "https://registry.npmjs.org/cli-spinners/-/cli-spinners-2.9.2.tgz",
      "integrity": "sha512-ywqV+5MmyL4E7ybXgKys4DugZbX0FC6LnwrhjuykIjnK9k8OQacQ7axGKnjDXWNhns0xot3bZI5h55H8yo9cJg==",
      "engines": {
        "node": ">=6"
      },
      "funding": {
        "url": "https://github.com/sponsors/sindresorhus"
      }
    },
    "node_modules/cli-width": {
      "version": "4.1.0",
      "resolved": "https://registry.npmjs.org/cli-width/-/cli-width-4.1.0.tgz",
      "integrity": "sha512-ouuZd4/dm2Sw5Gmqy6bGyNNNe1qt9RpmxveLSO7KcgsTnU7RXfsw+/bukWGo1abgBiMAic068rclZsO4IWmmxQ==",
      "engines": {
        "node": ">= 12"
      }
    },
    "node_modules/color-convert": {
      "version": "2.0.1",
      "resolved": "https://registry.npmjs.org/color-convert/-/color-convert-2.0.1.tgz",
      "integrity": "sha512-RRECPsj7iu/xb5oKYcsFHSppFNnsj/52OVTRKb4zP5onXwVF3zVmmToNcOfGC+CRDpfK/U584fMg38ZHCaElKQ==",
      "dependencies": {
        "color-name": "~1.1.4"
      },
      "engines": {
        "node": ">=7.0.0"
      }
    },
    "node_modules/color-name": {
      "version": "1.1.4",
      "resolved": "https://registry.npmjs.org/color-name/-/color-name-1.1.4.tgz",
      "integrity": "sha512-dOy+3AuW3a2wNbZHIuMZpTcgjGuLU/uBL/ubcZF9OXbDo8ff4O8yVp5Bf0efS8uEoYo5q4Fx7dY9OgQGXgAsQA=="
    },
    "node_modules/default-browser": {
      "version": "5.2.1",
      "resolved": "https://registry.npmjs.org/default-browser/-/default-browser-5.2.1.tgz",
      "integrity": "sha512-WY/3TUME0x3KPYdRRxEJJvXRHV4PyPoUsxtZa78lwItwRQRHhd2U9xOscaT/YTf8uCXIAjeJOFBVEh/7FtD8Xg==",
      "dependencies": {
        "bundle-name": "^4.1.0",
        "default-browser-id": "^5.0.0"
      },
      "engines": {
        "node": ">=18"
      },
      "funding": {
        "url": "https://github.com/sponsors/sindresorhus"
      }
    },
    "node_modules/default-browser-id": {
      "version": "5.0.0",
      "resolved": "https://registry.npmjs.org/default-browser-id/-/default-browser-id-5.0.0.tgz",
      "integrity": "sha512-A6p/pu/6fyBcA1TRz/GqWYPViplrftcW2gZC9q79ngNCKAeR/X3gcEdXQHl4KNXV+3wgIJ1CPkJQ3IHM6lcsyA==",
      "engines": {
        "node": ">=18"
      },
      "funding": {
        "url": "https://github.com/sponsors/sindresorhus"
      }
    },
    "node_modules/define-lazy-prop": {
      "version": "3.0.0",
      "resolved": "https://registry.npmjs.org/define-lazy-prop/-/define-lazy-prop-3.0.0.tgz",
      "integrity": "sha512-N+MeXYoqr3pOgn8xfyRPREN7gHakLYjhsHhWGT3fWAiL4IkAt0iDw14QiiEm2bE30c5XX5q0FtAA3CK5f9/BUg==",
      "engines": {
        "node": ">=12"
      },
      "funding": {
        "url": "https://github.com/sponsors/sindresorhus"
      }
    },
    "node_modules/doublearray": {
      "version": "0.0.2",
      "resolved": "https://registry.npmjs.org/doublearray/-/doublearray-0.0.2.tgz",
      "integrity": "sha512-aw55FtZzT6AmiamEj2kvmR6BuFqvYgKZUkfQ7teqVRNqD5UE0rw8IeW/3gieHNKQ5sPuDKlljWEn4bzv5+1bHw=="
    },
    "node_modules/emoji-regex": {
      "version": "8.0.0",
      "resolved": "https://registry.npmjs.org/emoji-regex/-/emoji-regex-8.0.0.tgz",
      "integrity": "sha512-MSjYzcWNOA0ewAHpz0MxpYFvwg6yjy1NG3xteoqz644VCo/RPgnr1/GGt+ic3iJTzQ8Eu3TdM14SawnVUmGE6A=="
    },
    "node_modules/external-editor": {
      "version": "3.1.0",
      "resolved": "https://registry.npmjs.org/external-editor/-/external-editor-3.1.0.tgz",
      "integrity": "sha512-hMQ4CX1p1izmuLYyZqLMO/qGNw10wSv9QDCPfzXfyFrOaCSSoRfqE1Kf1s5an66J5JZC62NewG+mK49jOCtQew==",
      "dependencies": {
        "chardet": "^0.7.0",
        "iconv-lite": "^0.4.24",
        "tmp": "^0.0.33"
      },
      "engines": {
        "node": ">=4"
      }
    },
    "node_modules/fflate": {
      "version": "0.8.2",
      "resolved": "https://registry.npmjs.org/fflate/-/fflate-0.8.2.tgz",
      "integrity": "sha512-cPJU47OaAoCbg0pBvzsgpTPhmhqI5eJjh/JIu8tPj5q+T7iLvW/JAYUqmE7KOB4R1ZyEhzBaIQpQpardBF5z8A=="
    },
    "node_modules/godan-ichidan": {
      "version": "1.0.0-2023-04-03",
      "resolved": "https://registry.npmjs.org/godan-ichidan/-/godan-ichidan-1.0.0-2023-04-03.tgz",
      "integrity": "sha512-YqtGk6UV92MpTR+wuc1tYTHGz0f2rY0Wd85PqU4FD3T99tH990KqDkacFpz99Wt0c0GXE5rR9tRHiWcZgaNWPg=="
    },
    "node_modules/has-flag": {
      "version": "4.0.0",
      "resolved": "https://registry.npmjs.org/has-flag/-/has-flag-4.0.0.tgz",
      "integrity": "sha512-EykJT/Q1KjTWctppgIAgfSO0tKVuZUjhgMr17kqTumMl6Afv3EISleU7qZUzoXDFTAHTDC4NOoG/ZxU3EvlMPQ==",
      "engines": {
        "node": ">=8"
      }
    },
    "node_modules/iconv-lite": {
      "version": "0.4.24",
      "resolved": "https://registry.npmjs.org/iconv-lite/-/iconv-lite-0.4.24.tgz",
      "integrity": "sha512-v3MXnZAcvnywkTUEZomIActle7RXXeedOR31wwl7VlyoXO4Qi9arvSenNQWne1TcRwhCL1HwLI21bEqdpj8/rA==",
      "dependencies": {
        "safer-buffer": ">= 2.1.2 < 3"
      },
      "engines": {
        "node": ">=0.10.0"
      }
    },
    "node_modules/is-docker": {
      "version": "3.0.0",
      "resolved": "https://registry.npmjs.org/is-docker/-/is-docker-3.0.0.tgz",
      "integrity": "sha512-eljcgEDlEns/7AXFosB5K/2nCM4P7FQPkGc/DWLy5rmFEWvZayGrik1d9/QIY5nJ4f9YsVvBkA6kJpHn9rISdQ==",
      "bin": {
        "is-docker": "cli.js"
      },
      "engines": {
        "node": "^12.20.0 || ^14.13.1 || >=16.0.0"
      },
      "funding": {
        "url": "https://github.com/sponsors/sindresorhus"
      }
    },
    "node_modules/is-fullwidth-code-point": {
      "version": "3.0.0",
      "resolved": "https://registry.npmjs.org/is-fullwidth-code-point/-/is-fullwidth-code-point-3.0.0.tgz",
      "integrity": "sha512-zymm5+u+sCsSWyD9qNaejV3DFvhCKclKdizYaJUuHA83RLjb7nSuGnddCHGv0hk+KY7BMAlsWeK4Ueg6EV6XQg==",
      "engines": {
        "node": ">=8"
      }
    },
    "node_modules/is-inside-container": {
      "version": "1.0.0",
      "resolved": "https://registry.npmjs.org/is-inside-container/-/is-inside-container-1.0.0.tgz",
      "integrity": "sha512-KIYLCCJghfHZxqjYBE7rEy0OBuTd5xCHS7tHVgvCLkx7StIoaxwNW3hCALgEUjFfeRk+MG/Qxmp/vtETEF3tRA==",
      "dependencies": {
        "is-docker": "^3.0.0"
      },
      "bin": {
        "is-inside-container": "cli.js"
      },
      "engines": {
        "node": ">=14.16"
      },
      "funding": {
        "url": "https://github.com/sponsors/sindresorhus"
      }
    },
    "node_modules/is-wsl": {
      "version": "3.1.0",
      "resolved": "https://registry.npmjs.org/is-wsl/-/is-wsl-3.1.0.tgz",
      "integrity": "sha512-UcVfVfaK4Sc4m7X3dUSoHoozQGBEFeDC+zVo06t98xe8CzHSZZBekNXH+tu0NalHolcJ/QAGqS46Hef7QXBIMw==",
      "dependencies": {
        "is-inside-container": "^1.0.0"
      },
      "engines": {
        "node": ">=16"
      },
      "funding": {
        "url": "https://github.com/sponsors/sindresorhus"
      }
    },
    "node_modules/jv-conjugator": {
      "version": "2.2.2",
      "resolved": "https://registry.npmjs.org/jv-conjugator/-/jv-conjugator-2.2.2.tgz",
      "integrity": "sha512-6K03vNddK0Xr2QZpqALCA0o4a35YDdARR39hignLE6CQ8aHcPJdwyQSankMKPQpqiaVMEGfDPUGigpyLTgAozg=="
    },
    "node_modules/lodash": {
      "version": "4.17.21",
      "resolved": "https://registry.npmjs.org/lodash/-/lodash-4.17.21.tgz",
      "integrity": "sha512-v2kDEe57lecTulaDIuNTPy3Ry4gLGJ6Z1O3vE1krgXZNrsQ+LFTGHVxVjcXPs17LhbZVGedAJv8XZ1tvj5FvSg=="
    },
    "node_modules/mute-stream": {
      "version": "1.0.0",
      "resolved": "https://registry.npmjs.org/mute-stream/-/mute-stream-1.0.0.tgz",
      "integrity": "sha512-avsJQhyd+680gKXyG/sQc0nXaC6rBkPOfyHYcFb9+hdkqQkR9bdnkJ0AMZhke0oesPqIO+mFFJ+IdBc7mst4IA==",
      "engines": {
        "node": "^14.17.0 || ^16.13.0 || >=18.0.0"
      }
    },
    "node_modules/open": {
      "version": "10.1.0",
      "resolved": "https://registry.npmjs.org/open/-/open-10.1.0.tgz",
      "integrity": "sha512-mnkeQ1qP5Ue2wd+aivTD3NHd/lZ96Lu0jgf0pwktLPtx6cTZiH7tyeGRRHs0zX0rbrahXPnXlUnbeXyaBBuIaw==",
      "dependencies": {
        "default-browser": "^5.2.1",
        "define-lazy-prop": "^3.0.0",
        "is-inside-container": "^1.0.0",
        "is-wsl": "^3.1.0"
      },
      "engines": {
        "node": ">=18"
      },
      "funding": {
        "url": "https://github.com/sponsors/sindresorhus"
      }
    },
    "node_modules/os-tmpdir": {
      "version": "1.0.2",
      "resolved": "https://registry.npmjs.org/os-tmpdir/-/os-tmpdir-1.0.2.tgz",
      "integrity": "sha512-D2FR03Vir7FIu45XBY20mTb+/ZSWB00sjU9jdQXt83gDrI4Ztz5Fs7/yy74g2N5SVQY4xY1qDr4rNddwYRVX0g==",
      "engines": {
        "node": ">=0.10.0"
      }
    },
    "node_modules/regenerator-runtime": {
      "version": "0.14.1",
      "resolved": "https://registry.npmjs.org/regenerator-runtime/-/regenerator-runtime-0.14.1.tgz",
      "integrity": "sha512-dYnhHh0nJoMfnkZs6GmmhFknAGRrLznOu5nc9ML+EJxGvrx6H7teuevqVqCuPcPK//3eDrrjQhehXVx9cnkGdw=="
    },
    "node_modules/run-applescript": {
      "version": "7.0.0",
      "resolved": "https://registry.npmjs.org/run-applescript/-/run-applescript-7.0.0.tgz",
      "integrity": "sha512-9by4Ij99JUr/MCFBUkDKLWK3G9HVXmabKz9U5MlIAIuvuzkiOicRYs8XJLxX+xahD+mLiiCYDqF9dKAgtzKP1A==",
      "engines": {
        "node": ">=18"
      },
      "funding": {
        "url": "https://github.com/sponsors/sindresorhus"
      }
    },
    "node_modules/safer-buffer": {
      "version": "2.1.2",
      "resolved": "https://registry.npmjs.org/safer-buffer/-/safer-buffer-2.1.2.tgz",
      "integrity": "sha512-YZo3K82SD7Riyi0E1EQPojLz7kpepnSQI9IyPbHHg1XXXevb5dJI7tpyN2ADxGcQbHG7vcyRHk0cbwqcQriUtg=="
    },
    "node_modules/signal-exit": {
      "version": "4.1.0",
      "resolved": "https://registry.npmjs.org/signal-exit/-/signal-exit-4.1.0.tgz",
      "integrity": "sha512-bzyZ1e88w9O1iNJbKnOlvYTrWPDl46O1bG0D3XInv+9tkPrxrN8jUUTiFlDkkmKWgn1M6CfIA13SuGqOa9Korw==",
      "engines": {
        "node": ">=14"
      },
      "funding": {
        "url": "https://github.com/sponsors/isaacs"
      }
    },
    "node_modules/string-width": {
      "version": "4.2.3",
      "resolved": "https://registry.npmjs.org/string-width/-/string-width-4.2.3.tgz",
      "integrity": "sha512-wKyQRQpjJ0sIp62ErSZdGsjMJWsap5oRNihHhu6G7JVO/9jIB6UyevL+tXuOqrng8j/cxKTWyWUwvSTriiZz/g==",
      "dependencies": {
        "emoji-regex": "^8.0.0",
        "is-fullwidth-code-point": "^3.0.0",
        "strip-ansi": "^6.0.1"
      },
      "engines": {
        "node": ">=8"
      }
    },
    "node_modules/strip-ansi": {
      "version": "6.0.1",
      "resolved": "https://registry.npmjs.org/strip-ansi/-/strip-ansi-6.0.1.tgz",
      "integrity": "sha512-Y38VPSHcqkFrCpFnQ9vuSXmquuv5oXOKpGeT6aGrr3o3Gc9AlVa6JBfUSOCnbxGGZF+/0ooI7KrPuUSztUdU5A==",
      "dependencies": {
        "ansi-regex": "^5.0.1"
      },
      "engines": {
        "node": ">=8"
      }
    },
    "node_modules/supports-color": {
      "version": "7.2.0",
      "resolved": "https://registry.npmjs.org/supports-color/-/supports-color-7.2.0.tgz",
      "integrity": "sha512-qpCAvRl9stuOHveKsn7HncJRvv501qIacKzQlO/+Lwxc9+0q2wLyv4Dfvt80/DPn2pqOBsJdDiogXGR9+OvwRw==",
      "dependencies": {
        "has-flag": "^4.0.0"
      },
      "engines": {
        "node": ">=8"
      }
    },
    "node_modules/tmp": {
      "version": "0.0.33",
      "resolved": "https://registry.npmjs.org/tmp/-/tmp-0.0.33.tgz",
      "integrity": "sha512-jRCJlojKnZ3addtTOjdIqoRuPEKBvNXcGYqzO6zWZX8KfKEpnGY5jfggJQ3EjKuu8D4bJRr0y+cYJFmYbImXGw==",
      "dependencies": {
        "os-tmpdir": "~1.0.2"
      },
      "engines": {
        "node": ">=0.6.0"
      }
    },
    "node_modules/type-fest": {
      "version": "0.21.3",
      "resolved": "https://registry.npmjs.org/type-fest/-/type-fest-0.21.3.tgz",
      "integrity": "sha512-t0rzBq87m3fVcduHDUFhKmyyX+9eo6WQjZvf51Ea/M0Q7+T374Jp1aUiyUl0GKxp8M/OETVHSDvmkyPgvX+X2w==",
      "engines": {
        "node": ">=10"
      },
      "funding": {
        "url": "https://github.com/sponsors/sindresorhus"
      }
    },
    "node_modules/undici-types": {
      "version": "5.26.5",
      "resolved": "https://registry.npmjs.org/undici-types/-/undici-types-5.26.5.tgz",
      "integrity": "sha512-JlCMO+ehdEIKqlFxk6IfVoAUVmgz7cU7zD/h9XZ0qzeosSHmUJVOzSQvvYSYWXkFXC+IfLKSIffhv0sVZup6pA=="
    },
    "node_modules/wrap-ansi": {
      "version": "6.2.0",
      "resolved": "https://registry.npmjs.org/wrap-ansi/-/wrap-ansi-6.2.0.tgz",
      "integrity": "sha512-r6lPcBGxZXlIcymEu7InxDMhdW0KDxpLgoFLcguasxCaJ/SOIZwINatK9KY/tf+ZrlywOKU0UDj3ATXUBfxJXA==",
      "dependencies": {
        "ansi-styles": "^4.0.0",
        "string-width": "^4.1.0",
        "strip-ansi": "^6.0.0"
      },
      "engines": {
        "node": ">=8"
      }
    },
    "node_modules/yanki-connect": {
      "version": "1.0.5",
      "resolved": "https://registry.npmjs.org/yanki-connect/-/yanki-connect-1.0.5.tgz",
      "integrity": "sha512-P6m/4de5j483cR4maCro556LG9HU1kcXY6gDdPbrVZOutBrHoHmd+QZElYp11bedLKJnjr4vkNfwf6fBcdaKEw==",
      "dependencies": {
        "@types/node": "^20.14.2",
        "open": "^10.1.0"
      },
      "engines": {
        "node": ">=18.0.0",
        "pnpm": ">=8.0.0"
      }
    }
  }
}
