{
  "name": "anki-japanese-conjugations",
  "version": "1.0.0",
  "lockfileVersion": 3,
  "requires": true,
  "packages": {
    "": {
      "name": "anki-japanese-conjugations",
      "version": "1.0.0",
      "license": "ISC",
      "dependencies": {
        "@sglkc/kuroshiro": "^1.0.1",
        "@sglkc/kuroshiro-analyzer-kuromoji": "^1.0.1",
        "godan-ichidan": "^1.0.0-2023-04-03",
        "jv-conjugator": "^2.2.2",
        "kamiya-codec": "^4.11.0"
      }
    },
    "node_modules/@babel/runtime": {
      "version": "7.24.7",
      "resolved": "https://registry.npmjs.org/@babel/runtime/-/runtime-7.24.7.tgz",
      "integrity": "sha512-UwgBRMjJP+xv857DCngvqXI3Iq6J4v0wXmwc6sapg+zyhbwmQX67LUEFrkK5tbyJ30jGuG3ZvWpBiB9LCy1kWw==",
      "dependencies": {
        "regenerator-runtime": "^0.14.0"
      },
      "engines": {
        "node": ">=6.9.0"
      }
    },
    "node_modules/@sglkc/kuromoji": {
      "version": "1.1.0",
      "resolved": "https://registry.npmjs.org/@sglkc/kuromoji/-/kuromoji-1.1.0.tgz",
      "integrity": "sha512-uKxXYUM5XNjZw0ia0yMYTI3jHSh/c1gEMNvcvS6J49B4mI+PAq8iRYPTxh2ma0RWm45LyWWrILxCJAIXpi/pww==",
      "dependencies": {
        "async": "^2.0.1",
        "doublearray": "0.0.2",
        "fflate": "^0.8.0"
      }
    },
    "node_modules/@sglkc/kuroshiro": {
      "version": "1.0.1",
      "resolved": "https://registry.npmjs.org/@sglkc/kuroshiro/-/kuroshiro-1.0.1.tgz",
      "integrity": "sha512-pDjzQa+KHcoKas5i0nf2uxNh0cFZlgsKzvj5AHMkAF7cvKTayN+Rllb/X+S3Gz8MpMk6pV95Uyu90+iyq3w+/A==",
      "dependencies": {
        "@babel/runtime": "^7.14.0"
      },
      "engines": {
        "node": ">=6.5.0"
      }
    },
    "node_modules/@sglkc/kuroshiro-analyzer-kuromoji": {
      "version": "1.0.1",
      "resolved": "https://registry.npmjs.org/@sglkc/kuroshiro-analyzer-kuromoji/-/kuroshiro-analyzer-kuromoji-1.0.1.tgz",
      "integrity": "sha512-qWEhhmru2T6YKhOx1g6BNxxm8K0GIKyd5NY6ynrGH/lLwxNvfv2osh2PAeoSJhjloVrLe7wn/NEp/5+IoRN88A==",
      "dependencies": {
        "@sglkc/kuromoji": "^1.0.1"
      }
    },
    "node_modules/async": {
      "version": "2.6.4",
      "resolved": "https://registry.npmjs.org/async/-/async-2.6.4.tgz",
      "integrity": "sha512-mzo5dfJYwAn29PeiJ0zvwTo04zj8HDJj0Mn8TD7sno7q12prdbnasKJHhkm2c1LgrhlJ0teaea8860oxi51mGA==",
      "dependencies": {
        "lodash": "^4.17.14"
      }
    },
    "node_modules/doublearray": {
      "version": "0.0.2",
      "resolved": "https://registry.npmjs.org/doublearray/-/doublearray-0.0.2.tgz",
      "integrity": "sha512-aw55FtZzT6AmiamEj2kvmR6BuFqvYgKZUkfQ7teqVRNqD5UE0rw8IeW/3gieHNKQ5sPuDKlljWEn4bzv5+1bHw=="
    },
    "node_modules/fflate": {
      "version": "0.8.2",
      "resolved": "https://registry.npmjs.org/fflate/-/fflate-0.8.2.tgz",
      "integrity": "sha512-cPJU47OaAoCbg0pBvzsgpTPhmhqI5eJjh/JIu8tPj5q+T7iLvW/JAYUqmE7KOB4R1ZyEhzBaIQpQpardBF5z8A=="
    },
    "node_modules/godan-ichidan": {
      "version": "1.0.0-2023-04-03",
      "resolved": "https://registry.npmjs.org/godan-ichidan/-/godan-ichidan-1.0.0-2023-04-03.tgz",
      "integrity": "sha512-YqtGk6UV92MpTR+wuc1tYTHGz0f2rY0Wd85PqU4FD3T99tH990KqDkacFpz99Wt0c0GXE5rR9tRHiWcZgaNWPg=="
    },
    "node_modules/jv-conjugator": {
      "version": "2.2.2",
      "resolved": "https://registry.npmjs.org/jv-conjugator/-/jv-conjugator-2.2.2.tgz",
      "integrity": "sha512-6K03vNddK0Xr2QZpqALCA0o4a35YDdARR39hignLE6CQ8aHcPJdwyQSankMKPQpqiaVMEGfDPUGigpyLTgAozg=="
    },
    "node_modules/kamiya-codec": {
      "version": "4.11.0",
      "resolved": "https://registry.npmjs.org/kamiya-codec/-/kamiya-codec-4.11.0.tgz",
      "integrity": "sha512-UcgUeEkBzOakim8WdEC3NLMjBy8ZhDfNLAYKHPbnSvJuLgUUm5AQMFA+TiU/rlw3ee9Z8J3ZuncqCPWBiZ3kWQ=="
    },
    "node_modules/lodash": {
      "version": "4.17.21",
      "resolved": "https://registry.npmjs.org/lodash/-/lodash-4.17.21.tgz",
      "integrity": "sha512-v2kDEe57lecTulaDIuNTPy3Ry4gLGJ6Z1O3vE1krgXZNrsQ+LFTGHVxVjcXPs17LhbZVGedAJv8XZ1tvj5FvSg=="
    },
    "node_modules/regenerator-runtime": {
      "version": "0.14.1",
      "resolved": "https://registry.npmjs.org/regenerator-runtime/-/regenerator-runtime-0.14.1.tgz",
      "integrity": "sha512-dYnhHh0nJoMfnkZs6GmmhFknAGRrLznOu5nc9ML+EJxGvrx6H7teuevqVqCuPcPK//3eDrrjQhehXVx9cnkGdw=="
    }
  }
}
